
Microsoft Visual Studio Solution File, Format Version 12.00
# Visual Studio Version 16
VisualStudioVersion = 16.0.31129.286
MinimumVisualStudioVersion = 10.0.40219.1
Project("{FAE04EC0-301F-11D3-BF4B-00C04F79EFBC}") = "testForGitHub", "testForGitHub\testForGitHub.csproj", "{B16DF2D8-5373-4BB7-A8F4-D04BB0EDCC11}"
EndProject
Global
	GlobalSection(SolutionConfigurationPlatforms) = preSolution
		Debug|Any CPU = Debug|Any CPU
		Release|Any CPU = Release|Any CPU
	EndGlobalSection
	GlobalSection(ProjectConfigurationPlatforms) = postSolution
		{B16DF2D8-5373-4BB7-A8F4-D04BB0EDCC11}.Debug|Any CPU.ActiveCfg = Debug|Any CPU
		{B16DF2D8-5373-4BB7-A8F4-D04BB0EDCC11}.Debug|Any CPU.Build.0 = Debug|Any CPU
		{B16DF2D8-5373-4BB7-A8F4-D04BB0EDCC11}.Release|Any CPU.ActiveCfg = Release|Any CPU
		{B16DF2D8-5373-4BB7-A8F4-D04BB0EDCC11}.Release|Any CPU.Build.0 = Release|Any CPU
	EndGlobalSection
	GlobalSection(SolutionProperties) = preSolution
		HideSolutionNode = FALSE
	EndGlobalSection
	GlobalSection(ExtensibilityGlobals) = postSolution
		SolutionGuid = {8AFA64E2-106A-40DB-B2BC-E99A11CF2D8C}
	EndGlobalSection
EndGlobal
